Microsoft Visual Studio Solution File, Format Version 12.00
# Visual Studio Version 16
VisualStudioVersion = 16.0.28803.202
MinimumVisualStudioVersion = 10.0.40219.1
Project("{6EC3EE1D-3C4E-46DD-8F32-0CC8E7565705}") = "AppsolutelyFabulous", "AppsolutelyFabulous\AppsolutelyFabulous.fsproj", "{DCF4D5E0-641B-4ECE-ADAE-39458E51B3EA}"
EndProject
Project("{F2A71F9B-5D33-465A-A702-920D77279786}") = "AppsolutelyFabulous.Android", "AppsolutelyFabulous.Android\AppsolutelyFabulous.Android.fsproj", "{20B210ED-06AB-4F17-8870-821E484AC8F5}"
EndProject
Project("{FAE04EC0-301F-11D3-BF4B-00C04F79EFBC}") = "AppsolutelyFabulous.UWP", "AppsolutelyFabulous.UWP\AppsolutelyFabulous.UWP.csproj", "{2B3D650C-91E4-4355-8954-BDB8D1D13B51}"
EndProject
Project("{2150E333-8FDC-42A3-9474-1A3956D46DE8}") = "Solution Items", "Solution Items", "{40CF6FF3-0BAF-4F27-BAF0-B15A04D20DD7}"
	ProjectSection(SolutionItems) = preProject
		PITCHME.md = PITCHME.md
		README.md = README.md
	EndProjectSection
EndProject
Global
	GlobalSection(SolutionConfigurationPlatforms) = preSolution
		Ad-Hoc|Any CPU = Ad-Hoc|Any CPU
		Ad-Hoc|ARM = Ad-Hoc|ARM
		Ad-Hoc|iPhone = Ad-Hoc|iPhone
		Ad-Hoc|iPhoneSimulator = Ad-Hoc|iPhoneSimulator
		Ad-Hoc|x64 = Ad-Hoc|x64
		Ad-Hoc|x86 = Ad-Hoc|x86
		AppStore|Any CPU = AppStore|Any CPU
		AppStore|ARM = AppStore|ARM
		AppStore|iPhone = AppStore|iPhone
		AppStore|iPhoneSimulator = AppStore|iPhoneSimulator
		AppStore|x64 = AppStore|x64
		AppStore|x86 = AppStore|x86
		Debug|Any CPU = Debug|Any CPU
		Debug|ARM = Debug|ARM
		Debug|iPhone = Debug|iPhone
		Debug|iPhoneSimulator = Debug|iPhoneSimulator
		Debug|x64 = Debug|x64
		Debug|x86 = Debug|x86
		Release|Any CPU = Release|Any CPU
		Release|ARM = Release|ARM
		Release|iPhone = Release|iPhone
		Release|iPhoneSimulator = Release|iPhoneSimulator
		Release|x64 = Release|x64
		Release|x86 = Release|x86
	EndGlobalSection
	GlobalSection(ProjectConfigurationPlatforms) = postSolution
		{DCF4D5E0-641B-4ECE-ADAE-39458E51B3EA}.Ad-Hoc|Any CPU.ActiveCfg = Debug|Any CPU
		{DCF4D5E0-641B-4ECE-ADAE-39458E51B3EA}.Ad-Hoc|Any CPU.Build.0 = Debug|Any CPU
		{DCF4D5E0-641B-4ECE-ADAE-39458E51B3EA}.Ad-Hoc|ARM.ActiveCfg = Debug|Any CPU
		{DCF4D5E0-641B-4ECE-ADAE-39458E51B3EA}.Ad-Hoc|ARM.Build.0 = Debug|Any CPU
		{DCF4D5E0-641B-4ECE-ADAE-39458E51B3EA}.Ad-Hoc|iPhone.ActiveCfg = Debug|Any CPU
		{DCF4D5E0-641B-4ECE-ADAE-39458E51B3EA}.Ad-Hoc|iPhone.Build.0 = Debug|Any CPU
		{DCF4D5E0-641B-4ECE-ADAE-39458E51B3EA}.Ad-Hoc|iPhoneSimulator.ActiveCfg = Debug|Any CPU
		{DCF4D5E0-641B-4ECE-ADAE-39458E51B3EA}.Ad-Hoc|iPhoneSimulator.Build.0 = Debug|Any CPU
		{DCF4D5E0-641B-4ECE-ADAE-39458E51B3EA}.Ad-Hoc|x64.ActiveCfg = Debug|Any CPU
		{DCF4D5E0-641B-4ECE-ADAE-39458E51B3EA}.Ad-Hoc|x64.Build.0 = Debug|Any CPU
		{DCF4D5E0-641B-4ECE-ADAE-39458E51B3EA}.Ad-Hoc|x86.ActiveCfg = Debug|Any CPU
		{DCF4D5E0-641B-4ECE-ADAE-39458E51B3EA}.Ad-Hoc|x86.Build.0 = Debug|Any CPU
		{DCF4D5E0-641B-4ECE-ADAE-39458E51B3EA}.AppStore|Any CPU.ActiveCfg = Debug|Any CPU
		{DCF4D5E0-641B-4ECE-ADAE-39458E51B3EA}.AppStore|Any CPU.Build.0 = Debug|Any CPU
		{DCF4D5E0-641B-4ECE-ADAE-39458E51B3EA}.AppStore|ARM.ActiveCfg = Debug|Any CPU
		{DCF4D5E0-641B-4ECE-ADAE-39458E51B3EA}.AppStore|ARM.Build.0 = Debug|Any CPU
		{DCF4D5E0-641B-4ECE-ADAE-39458E51B3EA}.AppStore|iPhone.ActiveCfg = Debug|Any CPU
		{DCF4D5E0-641B-4ECE-ADAE-39458E51B3EA}.AppStore|iPhone.Build.0 = Debug|Any CPU
		{DCF4D5E0-641B-4ECE-ADAE-39458E51B3EA}.AppStore|iPhoneSimulator.ActiveCfg = Debug|Any CPU
		{DCF4D5E0-641B-4ECE-ADAE-39458E51B3EA}.AppStore|iPhoneSimulator.Build.0 = Debug|Any CPU
		{DCF4D5E0-641B-4ECE-ADAE-39458E51B3EA}.AppStore|x64.ActiveCfg = Debug|Any CPU
		{DCF4D5E0-641B-4ECE-ADAE-39458E51B3EA}.AppStore|x64.Build.0 = Debug|Any CPU
		{DCF4D5E0-641B-4ECE-ADAE-39458E51B3EA}.AppStore|x86.ActiveCfg = Debug|Any CPU
		{DCF4D5E0-641B-4ECE-ADAE-39458E51B3EA}.AppStore|x86.Build.0 = Debug|Any CPU
		{DCF4D5E0-641B-4ECE-ADAE-39458E51B3EA}.Debug|Any CPU.ActiveCfg = Debug|Any CPU
		{DCF4D5E0-641B-4ECE-ADAE-39458E51B3EA}.Debug|Any CPU.Build.0 = Debug|Any CPU
		{DCF4D5E0-641B-4ECE-ADAE-39458E51B3EA}.Debug|ARM.ActiveCfg = Debug|Any CPU
		{DCF4D5E0-641B-4ECE-ADAE-39458E51B3EA}.Debug|ARM.Build.0 = Debug|Any CPU
		{DCF4D5E0-641B-4ECE-ADAE-39458E51B3EA}.Debug|iPhone.ActiveCfg = Debug|Any CPU
		{DCF4D5E0-641B-4ECE-ADAE-39458E51B3EA}.Debug|iPhone.Build.0 = Debug|Any CPU
		{DCF4D5E0-641B-4ECE-ADAE-39458E51B3EA}.Debug|iPhoneSimulator.ActiveCfg = Debug|Any CPU
		{DCF4D5E0-641B-4ECE-ADAE-39458E51B3EA}.Debug|iPhoneSimulator.Build.0 = Debug|Any CPU
		{DCF4D5E0-641B-4ECE-ADAE-39458E51B3EA}.Debug|x64.ActiveCfg = Debug|Any CPU
		{DCF4D5E0-641B-4ECE-ADAE-39458E51B3EA}.Debug|x64.Build.0 = Debug|Any CPU
		{DCF4D5E0-641B-4ECE-ADAE-39458E51B3EA}.Debug|x86.ActiveCfg = Debug|Any CPU
		{DCF4D5E0-641B-4ECE-ADAE-39458E51B3EA}.Debug|x86.Build.0 = Debug|Any CPU
		{DCF4D5E0-641B-4ECE-ADAE-39458E51B3EA}.Release|Any CPU.ActiveCfg = Release|Any CPU
		{DCF4D5E0-641B-4ECE-ADAE-39458E51B3EA}.Release|Any CPU.Build.0 = Release|Any CPU
		{DCF4D5E0-641B-4ECE-ADAE-39458E51B3EA}.Release|ARM.ActiveCfg = Release|Any CPU
		{DCF4D5E0-641B-4ECE-ADAE-39458E51B3EA}.Release|ARM.Build.0 = Release|Any CPU
		{DCF4D5E0-641B-4ECE-ADAE-39458E51B3EA}.Release|iPhone.ActiveCfg = Release|Any CPU
		{DCF4D5E0-641B-4ECE-ADAE-39458E51B3EA}.Release|iPhone.Build.0 = Release|Any CPU
		{DCF4D5E0-641B-4ECE-ADAE-39458E51B3EA}.Release|iPhoneSimulator.ActiveCfg = Release|Any CPU
		{DCF4D5E0-641B-4ECE-ADAE-39458E51B3EA}.Release|iPhoneSimulator.Build.0 = Release|Any CPU
		{DCF4D5E0-641B-4ECE-ADAE-39458E51B3EA}.Release|x64.ActiveCfg = Release|Any CPU
		{DCF4D5E0-641B-4ECE-ADAE-39458E51B3EA}.Release|x64.Build.0 = Release|Any CPU
		{DCF4D5E0-641B-4ECE-ADAE-39458E51B3EA}.Release|x86.ActiveCfg = Release|Any CPU
		{DCF4D5E0-641B-4ECE-ADAE-39458E51B3EA}.Release|x86.Build.0 = Release|Any CPU
		{20B210ED-06AB-4F17-8870-821E484AC8F5}.Ad-Hoc|Any CPU.ActiveCfg = Release|Any CPU
		{20B210ED-06AB-4F17-8870-821E484AC8F5}.Ad-Hoc|Any CPU.Build.0 = Release|Any CPU
		{20B210ED-06AB-4F17-8870-821E484AC8F5}.Ad-Hoc|ARM.ActiveCfg = Release|Any CPU
		{20B210ED-06AB-4F17-8870-821E484AC8F5}.Ad-Hoc|ARM.Build.0 = Release|Any CPU
		{20B210ED-06AB-4F17-8870-821E484AC8F5}.Ad-Hoc|iPhone.ActiveCfg = Release|Any CPU
		{20B210ED-06AB-4F17-8870-821E484AC8F5}.Ad-Hoc|iPhone.Build.0 = Release|Any CPU
		{20B210ED-06AB-4F17-8870-821E484AC8F5}.Ad-Hoc|iPhoneSimulator.ActiveCfg = Release|Any CPU
		{20B210ED-06AB-4F17-8870-821E484AC8F5}.Ad-Hoc|iPhoneSimulator.Build.0 = Release|Any CPU
		{20B210ED-06AB-4F17-8870-821E484AC8F5}.Ad-Hoc|x64.ActiveCfg = Release|Any CPU
		{20B210ED-06AB-4F17-8870-821E484AC8F5}.Ad-Hoc|x64.Build.0 = Release|Any CPU
		{20B210ED-06AB-4F17-8870-821E484AC8F5}.Ad-Hoc|x86.ActiveCfg = Release|Any CPU
		{20B210ED-06AB-4F17-8870-821E484AC8F5}.Ad-Hoc|x86.Build.0 = Release|Any CPU
		{20B210ED-06AB-4F17-8870-821E484AC8F5}.AppStore|Any CPU.ActiveCfg = Release|Any CPU
		{20B210ED-06AB-4F17-8870-821E484AC8F5}.AppStore|Any CPU.Build.0 = Release|Any CPU
		{20B210ED-06AB-4F17-8870-821E484AC8F5}.AppStore|ARM.ActiveCfg = Release|Any CPU
		{20B210ED-06AB-4F17-8870-821E484AC8F5}.AppStore|ARM.Build.0 = Release|Any CPU
		{20B210ED-06AB-4F17-8870-821E484AC8F5}.AppStore|iPhone.ActiveCfg = Release|Any CPU
		{20B210ED-06AB-4F17-8870-821E484AC8F5}.AppStore|iPhone.Build.0 = Release|Any CPU
		{20B210ED-06AB-4F17-8870-821E484AC8F5}.AppStore|iPhoneSimulator.ActiveCfg = Release|Any CPU
		{20B210ED-06AB-4F17-8870-821E484AC8F5}.AppStore|iPhoneSimulator.Build.0 = Release|Any CPU
		{20B210ED-06AB-4F17-8870-821E484AC8F5}.AppStore|x64.ActiveCfg = Release|Any CPU
		{20B210ED-06AB-4F17-8870-821E484AC8F5}.AppStore|x64.Build.0 = Release|Any CPU
		{20B210ED-06AB-4F17-8870-821E484AC8F5}.AppStore|x86.ActiveCfg = Release|Any CPU
		{20B210ED-06AB-4F17-8870-821E484AC8F5}.AppStore|x86.Build.0 = Release|Any CPU
		{20B210ED-06AB-4F17-8870-821E484AC8F5}.Debug|Any CPU.ActiveCfg = Debug|Any CPU
		{20B210ED-06AB-4F17-8870-821E484AC8F5}.Debug|Any CPU.Build.0 = Debug|Any CPU
		{20B210ED-06AB-4F17-8870-821E484AC8F5}.Debug|Any CPU.Deploy.0 = Debug|Any CPU
		{20B210ED-06AB-4F17-8870-821E484AC8F5}.Debug|ARM.ActiveCfg = Debug|Any CPU
		{20B210ED-06AB-4F17-8870-821E484AC8F5}.Debug|ARM.Build.0 = Debug|Any CPU
		{20B210ED-06AB-4F17-8870-821E484AC8F5}.Debug|iPhone.ActiveCfg = Debug|Any CPU
		{20B210ED-06AB-4F17-8870-821E484AC8F5}.Debug|iPhone.Build.0 = Debug|Any CPU
		{20B210ED-06AB-4F17-8870-821E484AC8F5}.Debug|iPhoneSimulator.ActiveCfg = Debug|Any CPU
		{20B210ED-06AB-4F17-8870-821E484AC8F5}.Debug|iPhoneSimulator.Build.0 = Debug|Any CPU
		{20B210ED-06AB-4F17-8870-821E484AC8F5}.Debug|x64.ActiveCfg = Debug|Any CPU
		{20B210ED-06AB-4F17-8870-821E484AC8F5}.Debug|x64.Build.0 = Debug|Any CPU
		{20B210ED-06AB-4F17-8870-821E484AC8F5}.Debug|x86.ActiveCfg = Debug|Any CPU
		{20B210ED-06AB-4F17-8870-821E484AC8F5}.Debug|x86.Build.0 = Debug|Any CPU
		{20B210ED-06AB-4F17-8870-821E484AC8F5}.Release|Any CPU.ActiveCfg = Release|Any CPU
		{20B210ED-06AB-4F17-8870-821E484AC8F5}.Release|Any CPU.Build.0 = Release|Any CPU
		{20B210ED-06AB-4F17-8870-821E484AC8F5}.Release|Any CPU.Deploy.0 = Release|Any CPU
		{20B210ED-06AB-4F17-8870-821E484AC8F5}.Release|ARM.ActiveCfg = Release|Any CPU
		{20B210ED-06AB-4F17-8870-821E484AC8F5}.Release|ARM.Build.0 = Release|Any CPU
		{20B210ED-06AB-4F17-8870-821E484AC8F5}.Release|iPhone.ActiveCfg = Release|Any CPU
		{20B210ED-06AB-4F17-8870-821E484AC8F5}.Release|iPhone.Build.0 = Release|Any CPU
		{20B210ED-06AB-4F17-8870-821E484AC8F5}.Release|iPhoneSimulator.ActiveCfg = Release|Any CPU
		{20B210ED-06AB-4F17-8870-821E484AC8F5}.Release|iPhoneSimulator.Build.0 = Release|Any CPU
		{20B210ED-06AB-4F17-8870-821E484AC8F5}.Release|x64.ActiveCfg = Release|Any CPU
		{20B210ED-06AB-4F17-8870-821E484AC8F5}.Release|x64.Build.0 = Release|Any CPU
		{20B210ED-06AB-4F17-8870-821E484AC8F5}.Release|x86.ActiveCfg = Release|Any CPU
		{20B210ED-06AB-4F17-8870-821E484AC8F5}.Release|x86.Build.0 = Release|Any CPU
		{2B3D650C-91E4-4355-8954-BDB8D1D13B51}.Ad-Hoc|Any CPU.ActiveCfg = Release|x64
		{2B3D650C-91E4-4355-8954-BDB8D1D13B51}.Ad-Hoc|Any CPU.Build.0 = Release|x64
		{2B3D650C-91E4-4355-8954-BDB8D1D13B51}.Ad-Hoc|Any CPU.Deploy.0 = Release|x64
		{2B3D650C-91E4-4355-8954-BDB8D1D13B51}.Ad-Hoc|ARM.ActiveCfg = Release|ARM
		{2B3D650C-91E4-4355-8954-BDB8D1D13B51}.Ad-Hoc|ARM.Build.0 = Release|ARM
		{2B3D650C-91E4-4355-8954-BDB8D1D13B51}.Ad-Hoc|ARM.Deploy.0 = Release|ARM
		{2B3D650C-91E4-4355-8954-BDB8D1D13B51}.Ad-Hoc|iPhone.ActiveCfg = Release|x64
		{2B3D650C-91E4-4355-8954-BDB8D1D13B51}.Ad-Hoc|iPhone.Build.0 = Release|x64
		{2B3D650C-91E4-4355-8954-BDB8D1D13B51}.Ad-Hoc|iPhone.Deploy.0 = Release|x64
		{2B3D650C-91E4-4355-8954-BDB8D1D13B51}.Ad-Hoc|iPhoneSimulator.ActiveCfg = Release|x64
		{2B3D650C-91E4-4355-8954-BDB8D1D13B51}.Ad-Hoc|iPhoneSimulator.Build.0 = Release|x64
		{2B3D650C-91E4-4355-8954-BDB8D1D13B51}.Ad-Hoc|iPhoneSimulator.Deploy.0 = Release|x64
		{2B3D650C-91E4-4355-8954-BDB8D1D13B51}.Ad-Hoc|x64.ActiveCfg = Release|x64
		{2B3D650C-91E4-4355-8954-BDB8D1D13B51}.Ad-Hoc|x64.Build.0 = Release|x64
		{2B3D650C-91E4-4355-8954-BDB8D1D13B51}.Ad-Hoc|x64.Deploy.0 = Release|x64
		{2B3D650C-91E4-4355-8954-BDB8D1D13B51}.Ad-Hoc|x86.ActiveCfg = Release|x86
		{2B3D650C-91E4-4355-8954-BDB8D1D13B51}.Ad-Hoc|x86.Build.0 = Release|x86
		{2B3D650C-91E4-4355-8954-BDB8D1D13B51}.Ad-Hoc|x86.Deploy.0 = Release|x86
		{2B3D650C-91E4-4355-8954-BDB8D1D13B51}.AppStore|Any CPU.ActiveCfg = Release|x64
		{2B3D650C-91E4-4355-8954-BDB8D1D13B51}.AppStore|Any CPU.Build.0 = Release|x64
		{2B3D650C-91E4-4355-8954-BDB8D1D13B51}.AppStore|Any CPU.Deploy.0 = Release|x64
		{2B3D650C-91E4-4355-8954-BDB8D1D13B51}.AppStore|ARM.ActiveCfg = Release|ARM
		{2B3D650C-91E4-4355-8954-BDB8D1D13B51}.AppStore|ARM.Build.0 = Release|ARM
		{2B3D650C-91E4-4355-8954-BDB8D1D13B51}.AppStore|ARM.Deploy.0 = Release|ARM
		{2B3D650C-91E4-4355-8954-BDB8D1D13B51}.AppStore|iPhone.ActiveCfg = Release|x64
		{2B3D650C-91E4-4355-8954-BDB8D1D13B51}.AppStore|iPhone.Build.0 = Release|x64
		{2B3D650C-91E4-4355-8954-BDB8D1D13B51}.AppStore|iPhone.Deploy.0 = Release|x64
		{2B3D650C-91E4-4355-8954-BDB8D1D13B51}.AppStore|iPhoneSimulator.ActiveCfg = Release|x64
		{2B3D650C-91E4-4355-8954-BDB8D1D13B51}.AppStore|iPhoneSimulator.Build.0 = Release|x64
		{2B3D650C-91E4-4355-8954-BDB8D1D13B51}.AppStore|iPhoneSimulator.Deploy.0 = Release|x64
		{2B3D650C-91E4-4355-8954-BDB8D1D13B51}.AppStore|x64.ActiveCfg = Release|x64
		{2B3D650C-91E4-4355-8954-BDB8D1D13B51}.AppStore|x64.Build.0 = Release|x64
		{2B3D650C-91E4-4355-8954-BDB8D1D13B51}.AppStore|x64.Deploy.0 = Release|x64
		{2B3D650C-91E4-4355-8954-BDB8D1D13B51}.AppStore|x86.ActiveCfg = Release|x86
		{2B3D650C-91E4-4355-8954-BDB8D1D13B51}.AppStore|x86.Build.0 = Release|x86
		{2B3D650C-91E4-4355-8954-BDB8D1D13B51}.AppStore|x86.Deploy.0 = Release|x86
		{2B3D650C-91E4-4355-8954-BDB8D1D13B51}.Debug|Any CPU.ActiveCfg = Debug|x86
		{2B3D650C-91E4-4355-8954-BDB8D1D13B51}.Debug|ARM.ActiveCfg = Debug|ARM
		{2B3D650C-91E4-4355-8954-BDB8D1D13B51}.Debug|ARM.Build.0 = Debug|ARM
		{2B3D650C-91E4-4355-8954-BDB8D1D13B51}.Debug|ARM.Deploy.0 = Debug|ARM
		{2B3D650C-91E4-4355-8954-BDB8D1D13B51}.Debug|iPhone.ActiveCfg = Debug|x86
		{2B3D650C-91E4-4355-8954-BDB8D1D13B51}.Debug|iPhoneSimulator.ActiveCfg = Debug|x86
		{2B3D650C-91E4-4355-8954-BDB8D1D13B51}.Debug|x64.ActiveCfg = Debug|x64
		{2B3D650C-91E4-4355-8954-BDB8D1D13B51}.Debug|x64.Build.0 = Debug|x64
		{2B3D650C-91E4-4355-8954-BDB8D1D13B51}.Debug|x64.Deploy.0 = Debug|x64
		{2B3D650C-91E4-4355-8954-BDB8D1D13B51}.Debug|x86.ActiveCfg = Debug|x86
		{2B3D650C-91E4-4355-8954-BDB8D1D13B51}.Debug|x86.Build.0 = Debug|x86
		{2B3D650C-91E4-4355-8954-BDB8D1D13B51}.Debug|x86.Deploy.0 = Debug|x86
		{2B3D650C-91E4-4355-8954-BDB8D1D13B51}.Release|Any CPU.ActiveCfg = Release|x86
		{2B3D650C-91E4-4355-8954-BDB8D1D13B51}.Release|ARM.ActiveCfg = Release|ARM
		{2B3D650C-91E4-4355-8954-BDB8D1D13B51}.Release|ARM.Build.0 = Release|ARM
		{2B3D650C-91E4-4355-8954-BDB8D1D13B51}.Release|ARM.Deploy.0 = Release|ARM
		{2B3D650C-91E4-4355-8954-BDB8D1D13B51}.Release|iPhone.ActiveCfg = Release|x86
		{2B3D650C-91E4-4355-8954-BDB8D1D13B51}.Release|iPhoneSimulator.ActiveCfg = Release|x86
		{2B3D650C-91E4-4355-8954-BDB8D1D13B51}.Release|x64.ActiveCfg = Release|x64
		{2B3D650C-91E4-4355-8954-BDB8D1D13B51}.Release|x64.Build.0 = Release|x64
		{2B3D650C-91E4-4355-8954-BDB8D1D13B51}.Release|x64.Deploy.0 = Release|x64
		{2B3D650C-91E4-4355-8954-BDB8D1D13B51}.Release|x86.ActiveCfg = Release|x86
		{2B3D650C-91E4-4355-8954-BDB8D1D13B51}.Release|x86.Build.0 = Release|x86
		{2B3D650C-91E4-4355-8954-BDB8D1D13B51}.Release|x86.Deploy.0 = Release|x86
	EndGlobalSection
	GlobalSection(SolutionProperties) = preSolution
		HideSolutionNode = FALSE
	EndGlobalSection
	GlobalSection(ExtensibilityGlobals) = postSolution
		SolutionGuid = {F6D05029-56B8-4E45-AF2D-0E76295DDBA2}
	EndGlobalSection
EndGlobal
